// !$*UTF8*$!
{
	archiveVersion = 1;
	classes = {
	};
	objectVersion = 46;
	objects = {

/* Begin PBXBuildFile section */
		A72E7B511D0D5979008FF0D5 /* dingwei.png in Resources */ = {isa = PBXBuildFile; fileRef = A72E7B501D0D5979008FF0D5 /* dingwei.png */; };
		A72E7B531D0D5987008FF0D5 /* iconfont-daohang .png in Resources */ = {isa = PBXBuildFile; fileRef = A72E7B521D0D5987008FF0D5 /* iconfont-daohang .png */; };
		A72E7B551D0E6715008FF0D5 /* search.png in Resources */ = {isa = PBXBuildFile; fileRef = A72E7B541D0E6715008FF0D5 /* search.png */; };
		A76ACA481D07B524003172F7 /* main.m in Sources */ = {isa = PBXBuildFile; fileRef = A76ACA471D07B524003172F7 /* main.m */; };
		A76ACA4B1D07B524003172F7 /* AppDelegate.m in Sources */ = {isa = PBXBuildFile; fileRef = A76ACA4A1D07B524003172F7 /* AppDelegate.m */; };
		A76ACA4E1D07B524003172F7 /* ViewController.m in Sources */ = {isa = PBXBuildFile; fileRef = A76ACA4D1D07B524003172F7 /* ViewController.m */; };
		A76ACA511D07B524003172F7 /* Main.storyboard in Resources */ = {isa = PBXBuildFile; fileRef = A76ACA4F1D07B524003172F7 /* Main.storyboard */; };
		A76ACA531D07B524003172F7 /* Assets.xcassets in Resources */ = {isa = PBXBuildFile; fileRef = A76ACA521D07B524003172F7 /* Assets.xcassets */; };
		A76ACA561D07B524003172F7 /* LaunchScreen.storyboard in Resources */ = {isa = PBXBuildFile; fileRef = A76ACA541D07B524003172F7 /* LaunchScreen.storyboard */; };
		A76ACA611D07B524003172F7 /* GaoDeDemoTests.m in Sources */ = {isa = PBXBuildFile; fileRef = A76ACA601D07B524003172F7 /* GaoDeDemoTests.m */; };
		A76ACA6C1D07B524003172F7 /* GaoDeDemoUITests.m in Sources */ = {isa = PBXBuildFile; fileRef = A76ACA6B1D07B524003172F7 /* GaoDeDemoUITests.m */; };
		A7737D971D11044500D00670 /* ditu.png in Resources */ = {isa = PBXBuildFile; fileRef = A7737D961D11044500D00670 /* ditu.png */; };
		A78320081D0FA0A30072B59A /* restaurant.png in Resources */ = {isa = PBXBuildFile; fileRef = A78320071D0FA0A30072B59A /* restaurant.png */; };
		A783200B1D0FA2440072B59A /* CallOutView.m in Sources */ = {isa = PBXBuildFile; fileRef = A783200A1D0FA2440072B59A /* CallOutView.m */; };
		A783200E1D0FA3700072B59A /* annotationView.m in Sources */ = {isa = PBXBuildFile; fileRef = A783200D1D0FA3700072B59A /* annotationView.m */; };
		A78320101D0FAD840072B59A /* buildin.png in Resources */ = {isa = PBXBuildFile; fileRef = A783200F1D0FAD840072B59A /* buildin.png */; };
		EC283636F9FCB5F41365D54A /* libPods.a in Frameworks */ = {isa = PBXBuildFile; fileRef = F41D0A111C93B5CDD464E435 /* libPods.a */; };
/* End PBXBuildFile section */

/* Begin PBXContainerItemProxy section */
		A76ACA5D1D07B524003172F7 /* PBXContainerItemProxy */ = {
			isa = PBXContainerItemProxy;
			containerPortal = A76ACA3B1D07B524003172F7 /* Project object */;
			proxyType = 1;
			remoteGlobalIDString = A76ACA421D07B524003172F7;
			remoteInfo = GaoDeDemo;
		};
		A76ACA681D07B524003172F7 /* PBXContainerItemProxy */ = {
			isa = PBXContainerItemProxy;
			containerPortal = A76ACA3B1D07B524003172F7 /* Project object */;
			proxyType = 1;
			remoteGlobalIDString = A76ACA421D07B524003172F7;
			remoteInfo = GaoDeDemo;
		};
/* End PBXContainerItemProxy section */

/* Begin PBXFileReference section */
		868D2DE197FD22AF3590FD55 /* Pods.release.xcconfig */ = {isa = PBXFileReference; includeInIndex = 1; lastKnownFileType = text.xcconfig; name = Pods.release.xcconfig; path = "Pods/Target Support Files/Pods/Pods.release.xcconfig"; sourceTree = "<group>"; };
		A72E7B501D0D5979008FF0D5 /* dingwei.png */ = {isa = PBXFileReference; lastKnownFileType = image.png; path = dingwei.png; sourceTree = "<group>"; };
		A72E7B521D0D5987008FF0D5 /* iconfont-daohang .png */ = {isa = PBXFileReference; lastKnownFileType = image.png; path = "iconfont-daohang .png"; sourceTree = "<group>"; };
		A72E7B541D0E6715008FF0D5 /* search.png */ = {isa = PBXFileReference; lastKnownFileType = image.png; path = search.png; sourceTree = "<group>"; };
		A76ACA431D07B524003172F7 /* GaoDeDemo.app */ = {isa = PBXFileReference; explicitFileType = wrapper.application; includeInIndex = 0; path = GaoDeDemo.app; sourceTree = BUILT_PRODUCTS_DIR; };
		A76ACA471D07B524003172F7 /* main.m */ = {isa = PBXFileReference; lastKnownFileType = sourcecode.c.objc; path = main.m; sourceTree = "<group>"; };
		A76ACA491D07B524003172F7 /* AppDelegate.h */ = {isa = PBXFileReference; lastKnownFileType = sourcecode.c.h; path = AppDelegate.h; sourceTree = "<group>"; };
		A76ACA4A1D07B524003172F7 /* AppDelegate.m */ = {isa = PBXFileReference; lastKnownFileType = sourcecode.c.objc; path = AppDelegate.m; sourceTree = "<group>"; };
		A76ACA4C1D07B524003172F7 /* ViewController.h */ = {isa = PBXFileReference; lastKnownFileType = sourcecode.c.h; path = ViewController.h; sourceTree = "<group>"; };
		A76ACA4D1D07B524003172F7 /* ViewController.m */ = {isa = PBXFileReference; lastKnownFileType = sourcecode.c.objc; path = ViewController.m; sourceTree = "<group>"; };
		A76ACA501D07B524003172F7 /* Base */ = {isa = PBXFileReference; lastKnownFileType = file.storyboard; name = Base; path = Base.lproj/Main.storyboard; sourceTree = "<group>"; };
		A76ACA521D07B524003172F7 /* Assets.xcassets */ = {isa = PBXFileReference; lastKnownFileType = folder.assetcatalog; path = Assets.xcassets; sourceTree = "<group>"; };
		A76ACA551D07B524003172F7 /* Base */ = {isa = PBXFileReference; lastKnownFileType = file.storyboard; name = Base; path = Base.lproj/LaunchScreen.storyboard; sourceTree = "<group>"; };
		A76ACA571D07B524003172F7 /* Info.plist */ = {isa = PBXFileReference; lastKnownFileType = text.plist.xml; path = Info.plist; sourceTree = "<group>"; };
		A76ACA5C1D07B524003172F7 /* GaoDeDemoTests.xctest */ = {isa = PBXFileReference; explicitFileType = wrapper.cfbundle; includeInIndex = 0; path = GaoDeDemoTests.xctest; sourceTree = BUILT_PRODUCTS_DIR; };
		A76ACA601D07B524003172F7 /* GaoDeDemoTests.m */ = {isa = PBXFileReference; lastKnownFileType = sourcecode.c.objc; path = GaoDeDemoTests.m; sourceTree = "<group>"; };
		A76ACA621D07B524003172F7 /* Info.plist */ = {isa = PBXFileReference; lastKnownFileType = text.plist.xml; path = Info.plist; sourceTree = "<group>"; };
		A76ACA671D07B524003172F7 /* GaoDeDemoUITests.xctest */ = {isa = PBXFileReference; explicitFileType = wrapper.cfbundle; includeInIndex = 0; path = GaoDeDemoUITests.xctest; sourceTree = BUILT_PRODUCTS_DIR; };
		A76ACA6B1D07B524003172F7 /* GaoDeDemoUITests.m */ = {isa = PBXFileReference; lastKnownFileType = sourcecode.c.objc; path = GaoDeDemoUITests.m; sourceTree = "<group>"; };
		A76ACA6D1D07B524003172F7 /* Info.plist */ = {isa = PBXFileReference; lastKnownFileType = text.plist.xml; path = Info.plist; sourceTree = "<group>"; };
		A7737D961D11044500D00670 /* ditu.png */ = {isa = PBXFileReference; lastKnownFileType = image.png; path = ditu.png; sourceTree = "<group>"; };
		A78320071D0FA0A30072B59A /* restaurant.png */ = {isa = PBXFileReference; lastKnownFileType = image.png; path = restaurant.png; sourceTree = "<group>"; };
		A78320091D0FA2440072B59A /* CallOutView.h */ = {isa = PBXFileReference; fileEncoding = 4; lastKnownFileType = sourcecode.c.h; path = CallOutView.h; sourceTree = "<group>"; };
		A783200A1D0FA2440072B59A /* CallOutView.m */ = {isa = PBXFileReference; fileEncoding = 4; lastKnownFileType = sourcecode.c.objc; path = CallOutView.m; sourceTree = "<group>"; };
		A783200C1D0FA3700072B59A /* annotationView.h */ = {isa = PBXFileReference; fileEncoding = 4; lastKnownFileType = sourcecode.c.h; path = annotationView.h; sourceTree = "<group>"; };
		A783200D1D0FA3700072B59A /* annotationView.m */ = {isa = PBXFileReference; fileEncoding = 4; lastKnownFileType = sourcecode.c.objc; path = annotationView.m; sourceTree = "<group>"; };
		A783200F1D0FAD840072B59A /* buildin.png */ = {isa = PBXFileReference; lastKnownFileType = image.png; path = buildin.png; sourceTree = "<group>"; };
		B407CDD6226AD112EDAE7266 /* Pods.debug.xcconfig */ = {isa = PBXFileReference; includeInIndex = 1; lastKnownFileType = text.xcconfig; name = Pods.debug.xcconfig; path = "Pods/Target Support Files/Pods/Pods.debug.xcconfig"; sourceTree = "<group>"; };
		F41D0A111C93B5CDD464E435 /* libPods.a */ = {isa = PBXFileReference; explicitFileType = archive.ar; includeInIndex = 0; path = libPods.a; sourceTree = BUILT_PRODUCTS_DIR; };
/* End PBXFileReference section */

/* Begin PBXFrameworksBuildPhase section */
		A76ACA401D07B524003172F7 /* Frameworks */ = {
			isa = PBXFrameworksBuildPhase;
			buildActionMask = 2147483647;
			files = (
				EC283636F9FCB5F41365D54A /* libPods.a in Frameworks */,
			);
			runOnlyForDeploymentPostprocessing = 0;
		};
		A76ACA591D07B524003172F7 /* Frameworks */ = {
			isa = PBXFrameworksBuildPhase;
			buildActionMask = 2147483647;
			files = (
			);
			runOnlyForDeploymentPostprocessing = 0;
		};
		A76ACA641D07B524003172F7 /* Frameworks */ = {
			isa = PBXFrameworksBuildPhase;
			buildActionMask = 2147483647;
			files = (
			);
			runOnlyForDeploymentPostprocessing = 0;
		};
/* End PBXFrameworksBuildPhase section */

/* Begin PBXGroup section */
		13C6569FF59417B00323B8B0 /* Frameworks */ = {
			isa = PBXGroup;
			children = (
				F41D0A111C93B5CDD464E435 /* libPods.a */,
			);
			name = Frameworks;
			sourceTree = "<group>";
		};
		A76ACA3A1D07B524003172F7 = {
			isa = PBXGroup;
			children = (
				A76ACA451D07B524003172F7 /* GaoDeDemo */,
				A76ACA5F1D07B524003172F7 /* GaoDeDemoTests */,
				A76ACA6A1D07B524003172F7 /* GaoDeDemoUITests */,
				A76ACA441D07B524003172F7 /* Products */,
				DC682E310915EDC07EE515B7 /* Pods */,
				13C6569FF59417B00323B8B0 /* Frameworks */,
			);
			sourceTree = "<group>";
		};
		A76ACA441D07B524003172F7 /* Products */ = {
			isa = PBXGroup;
			children = (
				A76ACA431D07B524003172F7 /* GaoDeDemo.app */,
				A76ACA5C1D07B524003172F7 /* GaoDeDemoTests.xctest */,
				A76ACA671D07B524003172F7 /* GaoDeDemoUITests.xctest */,
			);
			name = Products;
			sourceTree = "<group>";
		};
		A76ACA451D07B524003172F7 /* GaoDeDemo */ = {
			isa = PBXGroup;
			children = (
				A7737D961D11044500D00670 /* ditu.png */,
				A783200F1D0FAD840072B59A /* buildin.png */,
				A78320071D0FA0A30072B59A /* restaurant.png */,
				A72E7B541D0E6715008FF0D5 /* search.png */,
				A72E7B521D0D5987008FF0D5 /* iconfont-daohang .png */,
				A72E7B501D0D5979008FF0D5 /* dingwei.png */,
				A76ACA491D07B524003172F7 /* AppDelegate.h */,
				A76ACA4A1D07B524003172F7 /* AppDelegate.m */,
				A76ACA4C1D07B524003172F7 /* ViewController.h */,
				A76ACA4D1D07B524003172F7 /* ViewController.m */,
				A78320091D0FA2440072B59A /* CallOutView.h */,
				A783200A1D0FA2440072B59A /* CallOutView.m */,
				A783200C1D0FA3700072B59A /* annotationView.h */,
				A783200D1D0FA3700072B59A /* annotationView.m */,
				A76ACA4F1D07B524003172F7 /* Main.storyboard */,
				A76ACA521D07B524003172F7 /* Assets.xcassets */,
				A76ACA541D07B524003172F7 /* LaunchScreen.storyboard */,
				A76ACA571D07B524003172F7 /* Info.plist */,
				A76ACA461D07B524003172F7 /* Supporting Files */,
			);
			path = GaoDeDemo;
			sourceTree = "<group>";
		};
		A76ACA461D07B524003172F7 /* Supporting Files */ = {
			isa = PBXGroup;
			children = (
				A76ACA471D07B524003172F7 /* main.m */,
			);
			name = "Supporting Files";
			sourceTree = "<group>";
		};
		A76ACA5F1D07B524003172F7 /* GaoDeDemoTests */ = {
			isa = PBXGroup;
			children = (
				A76ACA601D07B524003172F7 /* GaoDeDemoTests.m */,
				A76ACA621D07B524003172F7 /* Info.plist */,
			);
			path = GaoDeDemoTests;
			sourceTree = "<group>";
		};
		A76ACA6A1D07B524003172F7 /* GaoDeDemoUITests */ = {
			isa = PBXGroup;
			children = (
				A76ACA6B1D07B524003172F7 /* GaoDeDemoUITests.m */,
				A76ACA6D1D07B524003172F7 /* Info.plist */,
			);
			path = GaoDeDemoUITests;
			sourceTree = "<group>";
		};
		DC682E310915EDC07EE515B7 /* Pods */ = {
			isa = PBXGroup;
			children = (
				B407CDD6226AD112EDAE7266 /* Pods.debug.xcconfig */,
				868D2DE197FD22AF3590FD55 /* Pods.release.xcconfig */,
			);
			name = Pods;
			sourceTree = "<group>";
		};
/* End PBXGroup section */

/* Begin PBXNativeTarget section */
		A76ACA421D07B524003172F7 /* GaoDeDemo */ = {
			isa = PBXNativeTarget;
			buildConfigurationList = A76ACA701D07B524003172F7 /* Build configuration list for PBXNativeTarget "GaoDeDemo" */;
			buildPhases = (
				9CF2F9035A13ACE7D602B14D /* Check Pods Manifest.lock */,
				A76ACA3F1D07B524003172F7 /* Sources */,
				A76ACA401D07B524003172F7 /* Frameworks */,
				A76ACA411D07B524003172F7 /* Resources */,
				7F3AB3AF09678CF4FE07EE29 /* Embed Pods Frameworks */,
				DF6389E445F8F48089972CF8 /* Copy Pods Resources */,
			);
			buildRules = (
			);
			dependencies = (
			);
			name = GaoDeDemo;
			productName = GaoDeDemo;
			productReference = A76ACA431D07B524003172F7 /* GaoDeDemo.app */;
			productType = "com.apple.product-type.application";
		};
		A76ACA5B1D07B524003172F7 /* GaoDeDemoTests */ = {
			isa = PBXNativeTarget;
			buildConfigurationList = A76ACA731D07B524003172F7 /* Build configuration list for PBXNativeTarget "GaoDeDemoTests" */;
			buildPhases = (
				A76ACA581D07B524003172F7 /* Sources */,
				A76ACA591D07B524003172F7 /* Frameworks */,
				A76ACA5A1D07B524003172F7 /* Resources */,
			);
			buildRules = (
			);
			dependencies = (
				A76ACA5E1D07B524003172F7 /* PBXTargetDependency */,
			);
			name = GaoDeDemoTests;
			productName = GaoDeDemoTests;
			productReference = A76ACA5C1D07B524003172F7 /* GaoDeDemoTests.xctest */;
			productType = "com.apple.product-type.bundle.unit-test";
		};
		A76ACA661D07B524003172F7 /* GaoDeDemoUITests */ = {
			isa = PBXNativeTarget;
			buildConfigurationList = A76ACA761D07B524003172F7 /* Build configuration list for PBXNativeTarget "GaoDeDemoUITests" */;
			buildPhases = (
				A76ACA631D07B524003172F7 /* Sources */,
				A76ACA641D07B524003172F7 /* Frameworks */,
				A76ACA651D07B524003172F7 /* Resources */,
			);
			buildRules = (
			);
			dependencies = (
				A76ACA691D07B524003172F7 /* PBXTargetDependency */,
			);
			name = GaoDeDemoUITests;
			productName = GaoDeDemoUITests;
			productReference = A76ACA671D07B524003172F7 /* GaoDeDemoUITests.xctest */;
			productType = "com.apple.product-type.bundle.ui-testing";
		};
/* End PBXNativeTarget section */

/* Begin PBXProject section */
		A76ACA3B1D07B524003172F7 /* Project object */ = {
			isa = PBXProject;
			attributes = {
				LastUpgradeCheck = 0730;
				ORGANIZATIONNAME = hgy;
				TargetAttributes = {
					A76ACA421D07B524003172F7 = {
						CreatedOnToolsVersion = 7.3;
						DevelopmentTeam = V44M76S52B;
					};
					A76ACA5B1D07B524003172F7 = {
						CreatedOnToolsVersion = 7.3;
						DevelopmentTeam = V44M76S52B;
						TestTargetID = A76ACA421D07B524003172F7;
					};
					A76ACA661D07B524003172F7 = {
						CreatedOnToolsVersion = 7.3;
						DevelopmentTeam = V44M76S52B;
						TestTargetID = A76ACA421D07B524003172F7;
					};
				};
			};
			buildConfigurationList = A76ACA3E1D07B524003172F7 /* Build configuration list for PBXProject "GaoDeDemo" */;
			compatibilityVersion = "Xcode 3.2";
			developmentRegion = English;
			hasScannedForEncodings = 0;
			knownRegions = (
				en,
				Base,
			);
			mainGroup = A76ACA3A1D07B524003172F7;
			productRefGroup = A76ACA441D07B524003172F7 /* Products */;
			projectDirPath = "";
			projectRoot = "";
			targets = (
				A76ACA421D07B524003172F7 /* GaoDeDemo */,
				A76ACA5B1D07B524003172F7 /* GaoDeDemoTests */,
				A76ACA661D07B524003172F7 /* GaoDeDemoUITests */,
			);
		};
/* End PBXProject section */

/* Begin PBXResourcesBuildPhase section */
		A76ACA411D07B524003172F7 /* Resources */ = {
			isa = PBXResourcesBuildPhase;
			buildActionMask = 2147483647;
			files = (
				A76ACA561D07B524003172F7 /* LaunchScreen.storyboard in Resources */,
				A72E7B511D0D5979008FF0D5 /* dingwei.png in Resources */,
				A7737D971D11044500D00670 /* ditu.png in Resources */,
				A78320081D0FA0A30072B59A /* restaurant.png in Resources */,
				A76ACA531D07B524003172F7 /* Assets.xcassets in Resources */,
				A72E7B551D0E6715008FF0D5 /* search.png in Resources */,
				A78320101D0FAD840072B59A /* buildin.png in Resources */,
				A72E7B531D0D5987008FF0D5 /* iconfont-daohang .png in Resources */,
				A76ACA511D07B524003172F7 /* Main.storyboard in Resources */,
			);
			runOnlyForDeploymentPostprocessing = 0;
		};
		A76ACA5A1D07B524003172F7 /* Resources */ = {
			isa = PBXResourcesBuildPhase;
			buildActionMask = 2147483647;
			files = (
			);
			runOnlyForDeploymentPostprocessing = 0;
		};
		A76ACA651D07B524003172F7 /* Resources */ = {
			isa = PBXResourcesBuildPhase;
			buildActionMask = 2147483647;
			files = (
			);
			runOnlyForDeploymentPostprocessing = 0;
		};
/* End PBXResourcesBuildPhase section */

/* Begin PBXShellScriptBuildPhase section */
		7F3AB3AF09678CF4FE07EE29 /* Embed Pods Frameworks */ = {
			isa = PBXShellScriptBuildPhase;
			buildActionMask = 2147483647;
			files = (
			);
			inputPaths = (
			);
			name = "Embed Pods Frameworks";
			outputPaths = (
			);
			runOnlyForDeploymentPostprocessing = 0;
			shellPath = /bin/sh;
			shellScript = "\"${SRCROOT}/Pods/Target Support Files/Pods/Pods-frameworks.sh\"\n";
			showEnvVarsInLog = 0;
		};
		9CF2F9035A13ACE7D602B14D /* Check Pods Manifest.lock */ = {
			isa = PBXShellScriptBuildPhase;
			buildActionMask = 2147483647;
			files = (
			);
			inputPaths = (
			);
			name = "Check Pods Manifest.lock";
			outputPaths = (
			);
			runOnlyForDeploymentPostprocessing = 0;
			shellPath = /bin/sh;
			shellScript = "diff \"${PODS_ROOT}/../Podfile.lock\" \"${PODS_ROOT}/Manifest.lock\" > /dev/null\nif [[ $? != 0 ]] ; then\n    cat << EOM\nerror: The sandbox is not in sync with the Podfile.lock. Run 'pod install' or update your CocoaPods installation.\nEOM\n    exit 1\nfi\n";
			showEnvVarsInLog = 0;
		};
		DF6389E445F8F48089972CF8 /* Copy Pods Resources */ = {
			isa = PBXShellScriptBuildPhase;
			buildActionMask = 2147483647;
			files = (
			);
			inputPaths = (
			);
			name = "Copy Pods Resources";
			outputPaths = (
			);
			runOnlyForDeploymentPostprocessing = 0;
			shellPath = /bin/sh;
			shellScript = "\"${SRCROOT}/Pods/Target Support Files/Pods/Pods-resources.sh\"\n";
			showEnvVarsInLog = 0;
		};
/* End PBXShellScriptBuildPhase section */

/* Begin PBXSourcesBuildPhase section */
		A76ACA3F1D07B524003172F7 /* Sources */ = {
			isa = PBXSourcesBuildPhase;
			buildActionMask = 2147483647;
			files = (
				A76ACA4E1D07B524003172F7 /* ViewController.m in Sources */,
				A76ACA4B1D07B524003172F7 /* AppDelegate.m in Sources */,
				A783200E1D0FA3700072B59A /* annotationView.m in Sources */,
				A76ACA481D07B524003172F7 /* main.m in Sources */,
				A783200B1D0FA2440072B59A /* CallOutView.m in Sources */,
			);
			runOnlyForDeploymentPostprocessing = 0;
		};
		A76ACA581D07B524003172F7 /* Sources */ = {
			isa = PBXSourcesBuildPhase;
			buildActionMask = 2147483647;
			files = (
				A76ACA611D07B524003172F7 /* GaoDeDemoTests.m in Sources */,
			);
			runOnlyForDeploymentPostprocessing = 0;
		};
		A76ACA631D07B524003172F7 /* Sources */ = {
			isa = PBXSourcesBuildPhase;
			buildActionMask = 2147483647;
			files = (
				A76ACA6C1D07B524003172F7 /* GaoDeDemoUITests.m in Sources */,
			);
			runOnlyForDeploymentPostprocessing = 0;
		};
/* End PBXSourcesBuildPhase section */

/* Begin PBXTargetDependency section */
		A76ACA5E1D07B524003172F7 /* PBXTargetDependency */ = {
			isa = PBXTargetDependency;
			target = A76ACA421D07B524003172F7 /* GaoDeDemo */;
			targetProxy = A76ACA5D1D07B524003172F7 /* PBXContainerItemProxy */;
		};
		A76ACA691D07B524003172F7 /* PBXTargetDependency */ = {
			isa = PBXTargetDependency;
			target = A76ACA421D07B524003172F7 /* GaoDeDemo */;
			targetProxy = A76ACA681D07B524003172F7 /* PBXContainerItemProxy */;
		};
/* End PBXTargetDependency section */

/* Begin PBXVariantGroup section */
		A76ACA4F1D07B524003172F7 /* Main.storyboard */ = {
			isa = PBXVariantGroup;
			children = (
				A76ACA501D07B524003172F7 /* Base */,
			);
			name = Main.storyboard;
			sourceTree = "<group>";
		};
		A76ACA541D07B524003172F7 /* LaunchScreen.storyboard */ = {
			isa = PBXVariantGroup;
			children = (
				A76ACA551D07B524003172F7 /* Base */,
			);
			name = LaunchScreen.storyboard;
			sourceTree = "<group>";
		};
/* End PBXVariantGroup section */

/* Begin XCBuildConfiguration section */
		A76ACA6E1D07B524003172F7 /* Debug */ = {
			isa = XCBuildConfiguration;
			buildSettings = {
				ALWAYS_SEARCH_USER_PATHS = NO;
				CLANG_ANALYZER_NONNULL = YES;
				CLANG_CXX_LANGUAGE_STANDARD = "gnu++0x";
				CLANG_CXX_LIBRARY = "libc++";
				CLANG_ENABLE_MODULES = YES;
				CLANG_ENABLE_OBJC_ARC = YES;
				CLANG_WARN_BOOL_CONVERSION = YES;
				CLANG_WARN_CONSTANT_CONVERSION = YES;
				CLANG_WARN_DIRECT_OBJC_ISA_USAGE = YES_ERROR;
				CLANG_WARN_EMPTY_BODY = YES;
				CLANG_WARN_ENUM_CONVERSION = YES;
				CLANG_WARN_INT_CONVERSION = YES;
				CLANG_WARN_OBJC_ROOT_CLASS = YES_ERROR;
				CLANG_WARN_UNREACHABLE_CODE = YES;
				CLANG_WARN__DUPLICATE_METHOD_MATCH = YES;
				"CODE_SIGN_IDENTITY[sdk=iphoneos*]" = "iPhone Developer";
				COPY_PHASE_STRIP = NO;
				DEBUG_INFORMATION_FORMAT = dwarf;
				ENABLE_STRICT_OBJC_MSGSEND = YES;
				ENABLE_TESTABILITY = YES;
				GCC_C_LANGUAGE_STANDARD = gnu99;
				GCC_DYNAMIC_NO_PIC = NO;
				GCC_NO_COMMON_BLOCKS = YES;
				GCC_OPTIMIZATION_LEVEL = 0;
				GCC_PREPROCESSOR_DEFINITIONS = (
					"DEBUG=1",
					"$(inherited)",
				);
				GCC_WARN_64_TO_32_BIT_CONVERSION = YES;
				GCC_WARN_ABOUT_RETURN_TYPE = YES_ERROR;
				GCC_WARN_UNDECLARED_SELECTOR = YES;
				GCC_WARN_UNINITIALIZED_AUTOS = YES_AGGRESSIVE;
				GCC_WARN_UNUSED_FUNCTION = YES;
				GCC_WARN_UNUSED_VARIABLE = YES;
				IPHONEOS_DEPLOYMENT_TARGET = 9.3;
				MTL_ENABLE_DEBUG_INFO = YES;
				ONLY_ACTIVE_ARCH = YES;
				SDKROOT = iphoneos;
			};
			name = Debug;
		};
		A76ACA6F1D07B524003172F7 /* Release */ = {
			isa = XCBuildConfiguration;
			buildSettings = {
				ALWAYS_SEARCH_USER_PATHS = NO;
				CLANG_ANALYZER_NONNULL = YES;
				CLANG_CXX_LANGUAGE_STANDARD = "gnu++0x";
				CLANG_CXX_LIBRARY = "libc++";
				CLANG_ENABLE_MODULES = YES;
				CLANG_ENABLE_OBJC_ARC = YES;
				CLANG_WARN_BOOL_CONVERSION = YES;
				CLANG_WARN_CONSTANT_CONVERSION = YES;
				CLANG_WARN_DIRECT_OBJC_ISA_USAGE = YES_ERROR;
				CLANG_WARN_EMPTY_BODY = YES;
				CLANG_WARN_ENUM_CONVERSION = YES;
				CLANG_WARN_INT_CONVERSION = YES;
				CLANG_WARN_OBJC_ROOT_CLASS = YES_ERROR;
				CLANG_WARN_UNREACHABLE_CODE = YES;
				CLANG_WARN__DUPLICATE_METHOD_MATCH = YES;
				"CODE_SIGN_IDENTITY[sdk=iphoneos*]" = "iPhone Developer";
				COPY_PHASE_STRIP = NO;
				DEBUG_INFORMATION_FORMAT = "dwarf-with-dsym";
				ENABLE_NS_ASSERTIONS = NO;
				ENABLE_STRICT_OBJC_MSGSEND = YES;
				GCC_C_LANGUAGE_STANDARD = gnu99;
				GCC_NO_COMMON_BLOCKS = YES;
				GCC_WARN_64_TO_32_BIT_CONVERSION = YES;
				GCC_WARN_ABOUT_RETURN_TYPE = YES_ERROR;
				GCC_WARN_UNDECLARED_SELECTOR = YES;
				GCC_WARN_UNINITIALIZED_AUTOS = YES_AGGRESSIVE;
				GCC_WARN_UNUSED_FUNCTION = YES;
				GCC_WARN_UNUSED_VARIABLE = YES;
				IPHONEOS_DEPLOYMENT_TARGET = 9.3;
				MTL_ENABLE_DEBUG_INFO = NO;
				SDKROOT = iphoneos;
				VALIDATE_PRODUCT = YES;
			};
			name = Release;
		};
		A76ACA711D07B524003172F7 /* Debug */ = {
			isa = XCBuildConfiguration;
			baseConfigurationReference = B407CDD6226AD112EDAE7266 /* Pods.debug.xcconfig */;
			buildSettings = {
				ASSETCATALOG_COMPILER_APPICON_NAME = AppIcon;
				CODE_SIGN_IDENTITY = "iPhone Developer";
				"CODE_SIGN_IDENTITY[sdk=iphoneos*]" = "iPhone Developer";
				INFOPLIST_FILE = GaoDeDemo/Info.plist;
				LD_RUNPATH_SEARCH_PATHS = "$(inherited) @executable_path/Frameworks";
				PRODUCT_BUNDLE_IDENTIFIER = com.hgy.GaoDeDemo;
				PRODUCT_NAME = "$(TARGET_NAME)";
				PROVISIONING_PROFILE = "";
			};
			name = Debug;
		};
		A76ACA721D07B524003172F7 /* Release */ = {
			isa = XCBuildConfiguration;
			baseConfigurationReference = 868D2DE197FD22AF3590FD55 /* Pods.release.xcconfig */;
			buildSettings = {
				ASSETCATALOG_COMPILER_APPICON_NAME = AppIcon;
				CODE_SIGN_IDENTITY = "iPhone Developer";
				"CODE_SIGN_IDENTITY[sdk=iphoneos*]" = "iPhone Developer";
				INFOPLIST_FILE = GaoDeDemo/Info.plist;
				LD_RUNPATH_SEARCH_PATHS = "$(inherited) @executable_path/Frameworks";
				PRODUCT_BUNDLE_IDENTIFIER = com.hgy.GaoDeDemo;
				PRODUCT_NAME = "$(TARGET_NAME)";
				PROVISIONING_PROFILE = "";
			};
			name = Release;
		};
		A76ACA741D07B524003172F7 /* Debug */ = {
			isa = XCBuildConfiguration;
			buildSettings = {
				BUNDLE_LOADER = "$(TEST_HOST)";
				INFOPLIST_FILE = GaoDeDemoTests/Info.plist;
				LD_RUNPATH_SEARCH_PATHS = "$(inherited) @executable_path/Frameworks @loader_path/Frameworks";
				PRODUCT_BUNDLE_IDENTIFIER = com.hgy.GaoDeDemoTests;
				PRODUCT_NAME = "$(TARGET_NAME)";
				TEST_HOST = "$(BUILT_PRODUCTS_DIR)/GaoDeDemo.app/GaoDeDemo";
			};
			name = Debug;
		};
		A76ACA751D07B524003172F7 /* Release */ = {
			isa = XCBuildConfiguration;
			buildSettings = {
				BUNDLE_LOADER = "$(TEST_HOST)";
				INFOPLIST_FILE = GaoDeDemoTests/Info.plist;
				LD_RUNPATH_SEARCH_PATHS = "$(inherited) @executable_path/Frameworks @loader_path/Frameworks";
				PRODUCT_BUNDLE_IDENTIFIER = com.hgy.GaoDeDemoTests;
				PRODUCT_NAME = "$(TARGET_NAME)";
				TEST_HOST = "$(BUILT_PRODUCTS_DIR)/GaoDeDemo.app/GaoDeDemo";
			};
			name = Release;
		};
		A76ACA771D07B524003172F7 /* Debug */ = {
			isa = XCBuildConfiguration;
			buildSettings = {
				INFOPLIST_FILE = GaoDeDemoUITests/Info.plist;
				LD_RUNPATH_SEARCH_PATHS = "$(inherited) @executable_path/Frameworks @loader_path/Frameworks";
				PRODUCT_BUNDLE_IDENTIFIER = com.hgy.GaoDeDemoUITests;
				PRODUCT_NAME = "$(TARGET_NAME)";
				TEST_TARGET_NAME = GaoDeDemo;
			};
			name = Debug;
		};
		A76ACA781D07B524003172F7 /* Release */ = {
			isa = XCBuildConfiguration;
			buildSettings = {
				INFOPLIST_FILE = GaoDeDemoUITests/Info.plist;
				LD_RUNPATH_SEARCH_PATHS = "$(inherited) @executable_path/Frameworks @loader_path/Frameworks";
				PRODUCT_BUNDLE_IDENTIFIER = com.hgy.GaoDeDemoUITests;
				PRODUCT_NAME = "$(TARGET_NAME)";
				TEST_TARGET_NAME = GaoDeDemo;
			};
			name = Release;
		};
/* End XCBuildConfiguration section */

/* Begin XCConfigurationList section */
		A76ACA3E1D07B524003172F7 /* Build configuration list for PBXProject "GaoDeDemo" */ = {
			isa = XCConfigurationList;
			buildConfigurations = (
				A76ACA6E1D07B524003172F7 /* Debug */,
				A76ACA6F1D07B524003172F7 /* Release */,
			);
			defaultConfigurationIsVisible = 0;
			defaultConfigurationName = Release;
		};
		A76ACA701D07B524003172F7 /* Build configuration list for PBXNativeTarget "GaoDeDemo" */ = {
			isa = XCConfigurationList;
			buildConfigurations = (
				A76ACA711D07B524003172F7 /* Debug */,
				A76ACA721D07B524003172F7 /* Release */,
			);
			defaultConfigurationIsVisible = 0;
			defaultConfigurationName = Release;
		};
		A76ACA731D07B524003172F7 /* Build configuration list for PBXNativeTarget "GaoDeDemoTests" */ = {
			isa = XCConfigurationList;
			buildConfigurations = (
				A76ACA741D07B524003172F7 /* Debug */,
				A76ACA751D07B524003172F7 /* Release */,
			);
			defaultConfigurationIsVisible = 0;
			defaultConfigurationName = Release;
		};
		A76ACA761D07B524003172F7 /* Build configuration list for PBXNativeTarget "GaoDeDemoUITests" */ = {
			isa = XCConfigurationList;
			buildConfigurations = (
				A76ACA771D07B524003172F7 /* Debug */,
				A76ACA781D07B524003172F7 /* Release */,
			);
			defaultConfigurationIsVisible = 0;
			defaultConfigurationName = Release;
		};
/* End XCConfigurationList section */
	};
	rootObject = A76ACA3B1D07B524003172F7 /* Project object */;
}
